
Microsoft Visual Studio Solution File, Format Version 12.00
# Visual Studio Version 17
VisualStudioVersion = 17.0.31903.59
MinimumVisualStudioVersion = 10.0.40219.1
Project("{FAE04EC0-301F-11D3-BF4B-00C04F79EFBC}") = "IntroMinimalApi", "IntroMinimalApi\IntroMinimalApi.csproj", "{F66FB791-251C-4F45-B8D7-C31A3F128A87}"
EndProject
Project("{FAE04EC0-301F-11D3-BF4B-00C04F79EFBC}") = "IntroMinimalApiBL", "IntroMinimalApiBL\IntroMinimalApiBL.csproj", "{CFA124F5-E599-4030-A50E-9C8A5E591C28}"
EndProject
Project("{FAE04EC0-301F-11D3-BF4B-00C04F79EFBC}") = "IntroMinimalApiDL", "IntroMinimalApiDL\IntroMinimalApiDL.csproj", "{9E6BCD1C-9570-43A5-884A-311388A811FC}"
EndProject
Global
	GlobalSection(SolutionConfigurationPlatforms) = preSolution
		Debug|Any CPU = Debug|Any CPU
		Release|Any CPU = Release|Any CPU
	EndGlobalSection
	GlobalSection(SolutionProperties) = preSolution
		HideSolutionNode = FALSE
	EndGlobalSection
	GlobalSection(ProjectConfigurationPlatforms) = postSolution
		{F66FB791-251C-4F45-B8D7-C31A3F128A87}.Debug|Any CPU.ActiveCfg = Debug|Any CPU
		{F66FB791-251C-4F45-B8D7-C31A3F128A87}.Debug|Any CPU.Build.0 = Debug|Any CPU
		{F66FB791-251C-4F45-B8D7-C31A3F128A87}.Release|Any CPU.ActiveCfg = Release|Any CPU
		{F66FB791-251C-4F45-B8D7-C31A3F128A87}.Release|Any CPU.Build.0 = Release|Any CPU
		{CFA124F5-E599-4030-A50E-9C8A5E591C28}.Debug|Any CPU.ActiveCfg = Debug|Any CPU
		{CFA124F5-E599-4030-A50E-9C8A5E591C28}.Debug|Any CPU.Build.0 = Debug|Any CPU
		{CFA124F5-E599-4030-A50E-9C8A5E591C28}.Release|Any CPU.ActiveCfg = Release|Any CPU
		{CFA124F5-E599-4030-A50E-9C8A5E591C28}.Release|Any CPU.Build.0 = Release|Any CPU
		{9E6BCD1C-9570-43A5-884A-311388A811FC}.Debug|Any CPU.ActiveCfg = Debug|Any CPU
		{9E6BCD1C-9570-43A5-884A-311388A811FC}.Debug|Any CPU.Build.0 = Debug|Any CPU
		{9E6BCD1C-9570-43A5-884A-311388A811FC}.Release|Any CPU.ActiveCfg = Release|Any CPU
		{9E6BCD1C-9570-43A5-884A-311388A811FC}.Release|Any CPU.Build.0 = Release|Any CPU
	EndGlobalSection
EndGlobal
